// !$*UTF8*$!
{
	archiveVersion = 1;
	classes = {
	};
	objectVersion = 53;
	objects = {

/* Begin PBXBuildFile section */
		E513112B24CED5AC0040428D /* InstallationController.swift in Sources */ = {isa = PBXBuildFile; fileRef = E513112A24CED5AC0040428D /* InstallationController.swift */; };
		E522480B24D06C1900A353C7 /* dummy.rs in Resources */ = {isa = PBXBuildFile; fileRef = E522480A24D06C1900A353C7 /* dummy.rs */; };
		E522480E24D1771100A353C7 /* Toml in Frameworks */ = {isa = PBXBuildFile; productRef = E522480D24D1771100A353C7 /* Toml */; };
		E53069DE241540F600809ADD /* LaunchWindow.swift in Sources */ = {isa = PBXBuildFile; fileRef = E53069DD241540F600809ADD /* LaunchWindow.swift */; };
		E55CD257243A5FB100FC5252 /* Alamofire in Frameworks */ = {isa = PBXBuildFile; productRef = E55CD256243A5FB100FC5252 /* Alamofire */; };
		E56C9E3E243C038500B19471 /* SpotlightDocumentation.swift in Sources */ = {isa = PBXBuildFile; fileRef = E56C9E3D243C038500B19471 /* SpotlightDocumentation.swift */; };
		E5730ED024393B0800B1A10D /* TaskBar.swift in Sources */ = {isa = PBXBuildFile; fileRef = E5730ECF24393B0800B1A10D /* TaskBar.swift */; };
		E57889142416935E00633D12 /* LaunchController.swift in Sources */ = {isa = PBXBuildFile; fileRef = E57889132416935E00633D12 /* LaunchController.swift */; };
		E5788916241693CF00633D12 /* Rustup.swift in Sources */ = {isa = PBXBuildFile; fileRef = E5788915241693CF00633D12 /* Rustup.swift */; };
		E57C1EAA24BDE2430074CE11 /* rustup in Resources */ = {isa = PBXBuildFile; fileRef = E57C1EA924BDE0D00074CE11 /* rustup */; };
		E57C1EC924BEE8A90074CE11 /* Process.swift in Sources */ = {isa = PBXBuildFile; fileRef = E57C1EC824BEE8A90074CE11 /* Process.swift */; };
		E57C1ECD24BF58FD0074CE11 /* Installation.storyboard in Resources */ = {isa = PBXBuildFile; fileRef = E57C1ECC24BF58FD0074CE11 /* Installation.storyboard */; };
		E58A1A35240D592000367963 /* ToolchainChannel.swift in Sources */ = {isa = PBXBuildFile; fileRef = E58A1A34240D592000367963 /* ToolchainChannel.swift */; };
		E5A6735A240C758D002B8301 /* AppDelegate.swift in Sources */ = {isa = PBXBuildFile; fileRef = E5A67359240C758D002B8301 /* AppDelegate.swift */; };
		E5A6735E240C7590002B8301 /* Assets.xcassets in Resources */ = {isa = PBXBuildFile; fileRef = E5A6735D240C7590002B8301 /* Assets.xcassets */; };
		E5A67361240C7590002B8301 /* Launch.storyboard in Resources */ = {isa = PBXBuildFile; fileRef = E5A6735F240C7590002B8301 /* Launch.storyboard */; };
/* End PBXBuildFile section */

/* Begin PBXCopyFilesBuildPhase section */
		E57C1EB324BDE8D00074CE11 /* Embed Frameworks */ = {
			isa = PBXCopyFilesBuildPhase;
			buildActionMask = 2147483647;
			dstPath = "";
			dstSubfolderSpec = 10;
			files = (
			);
			name = "Embed Frameworks";
			runOnlyForDeploymentPostprocessing = 0;
		};
/* End PBXCopyFilesBuildPhase section */

/* Begin PBXFileReference section */
		E513112A24CED5AC0040428D /* InstallationController.swift */ = {isa = PBXFileReference; lastKnownFileType = sourcecode.swift; path = InstallationController.swift; sourceTree = "<group>"; };
		E522480A24D06C1900A353C7 /* dummy.rs */ = {isa = PBXFileReference; fileEncoding = 4; lastKnownFileType = text; path = dummy.rs; sourceTree = "<group>"; };
		E522480F24D1782300A353C7 /* Rust.xctestplan */ = {isa = PBXFileReference; lastKnownFileType = text; path = Rust.xctestplan; sourceTree = "<group>"; };
		E53069DD241540F600809ADD /* LaunchWindow.swift */ = {isa = PBXFileReference; lastKnownFileType = sourcecode.swift; path = LaunchWindow.swift; sourceTree = "<group>"; };
		E56C9E3D243C038500B19471 /* SpotlightDocumentation.swift */ = {isa = PBXFileReference; lastKnownFileType = sourcecode.swift; path = SpotlightDocumentation.swift; sourceTree = "<group>"; };
		E5730ECF24393B0800B1A10D /* TaskBar.swift */ = {isa = PBXFileReference; lastKnownFileType = sourcecode.swift; path = TaskBar.swift; sourceTree = "<group>"; };
		E57889132416935E00633D12 /* LaunchController.swift */ = {isa = PBXFileReference; lastKnownFileType = sourcecode.swift; path = LaunchController.swift; sourceTree = "<group>"; };
		E5788915241693CF00633D12 /* Rustup.swift */ = {isa = PBXFileReference; lastKnownFileType = sourcecode.swift; path = Rustup.swift; sourceTree = "<group>"; };
		E57C1EA924BDE0D00074CE11 /* rustup */ = {isa = PBXFileReference; lastKnownFileType = "compiled.mach-o.executable"; path = rustup; sourceTree = "<group>"; };
		E57C1EBA24BDEC540074CE11 /* Extensions.swift */ = {isa = PBXFileReference; lastKnownFileType = sourcecode.swift; path = Extensions.swift; sourceTree = "<group>"; };
		E57C1EBC24BDEC540074CE11 /* AppMover.swift */ = {isa = PBXFileReference; lastKnownFileType = sourcecode.swift; path = AppMover.swift; sourceTree = "<group>"; };
		E57C1EC824BEE8A90074CE11 /* Process.swift */ = {isa = PBXFileReference; lastKnownFileType = sourcecode.swift; path = Process.swift; sourceTree = "<group>"; };
		E57C1ECC24BF58FD0074CE11 /* Installation.storyboard */ = {isa = PBXFileReference; lastKnownFileType = file.storyboard; path = Installation.storyboard; sourceTree = "<group>"; };
		E58A1A34240D592000367963 /* ToolchainChannel.swift */ = {isa = PBXFileReference; lastKnownFileType = sourcecode.swift; path = ToolchainChannel.swift; sourceTree = "<group>"; };
		E5A67356240C758D002B8301 /* Rust.app.app */ = {isa = PBXFileReference; explicitFileType = wrapper.application; includeInIndex = 0; path = Rust.app.app; sourceTree = BUILT_PRODUCTS_DIR; };
		E5A67359240C758D002B8301 /* AppDelegate.swift */ = {isa = PBXFileReference; lastKnownFileType = sourcecode.swift; path = AppDelegate.swift; sourceTree = "<group>"; };
		E5A6735D240C7590002B8301 /* Assets.xcassets */ = {isa = PBXFileReference; lastKnownFileType = folder.assetcatalog; path = Assets.xcassets; sourceTree = "<group>"; };
		E5A67360240C7590002B8301 /* Base */ = {isa = PBXFileReference; lastKnownFileType = file.storyboard; name = Base; path = Base.lproj/Launch.storyboard; sourceTree = "<group>"; };
		E5A67362240C7590002B8301 /* Info.plist */ = {isa = PBXFileReference; lastKnownFileType = text.plist.xml; path = Info.plist; sourceTree = "<group>"; };
		E5A67363240C7590002B8301 /* Rust.entitlements */ = {isa = PBXFileReference; lastKnownFileType = text.plist.entitlements; path = Rust.entitlements; sourceTree = "<group>"; };
/* End PBXFileReference section */

/* Begin PBXFrameworksBuildPhase section */
		E5A67353240C758D002B8301 /* Frameworks */ = {
			isa = PBXFrameworksBuildPhase;
			buildActionMask = 2147483647;
			files = (
				E522480E24D1771100A353C7 /* Toml in Frameworks */,
				E55CD257243A5FB100FC5252 /* Alamofire in Frameworks */,
			);
			runOnlyForDeploymentPostprocessing = 0;
		};
/* End PBXFrameworksBuildPhase section */

/* Begin PBXGroup section */
		E513112D24D032490040428D /* Storyboards */ = {
			isa = PBXGroup;
			children = (
				E5A6735F240C7590002B8301 /* Launch.storyboard */,
				E57C1ECC24BF58FD0074CE11 /* Installation.storyboard */,
			);
			path = Storyboards;
			sourceTree = "<group>";
		};
		E513112E24D033220040428D /* Rust */ = {
			isa = PBXGroup;
			children = (
				E5788915241693CF00633D12 /* Rustup.swift */,
				E58A1A34240D592000367963 /* ToolchainChannel.swift */,
			);
			path = Rust;
			sourceTree = "<group>";
		};
		E513112F24D0333B0040428D /* Views */ = {
			isa = PBXGroup;
			children = (
				E513112A24CED5AC0040428D /* InstallationController.swift */,
				E5730ECF24393B0800B1A10D /* TaskBar.swift */,
				E513113024D033440040428D /* Launch */,
			);
			path = Views;
			sourceTree = "<group>";
		};
		E513113024D033440040428D /* Launch */ = {
			isa = PBXGroup;
			children = (
				E57889132416935E00633D12 /* LaunchController.swift */,
				E53069DD241540F600809ADD /* LaunchWindow.swift */,
			);
			path = Launch;
			sourceTree = "<group>";
		};
		E55CD2542439EE2B00FC5252 /* Sources */ = {
			isa = PBXGroup;
			children = (
				E5A67359240C758D002B8301 /* AppDelegate.swift */,
				E56C9E3D243C038500B19471 /* SpotlightDocumentation.swift */,
				E57C1EC824BEE8A90074CE11 /* Process.swift */,
				E57C1EB924BDEC540074CE11 /* AppMover */,
				E513112E24D033220040428D /* Rust */,
				E513112F24D0333B0040428D /* Views */,
			);
			path = Sources;
			sourceTree = "<group>";
		};
		E56AB4C824D0654400F1F531 /* Resources */ = {
			isa = PBXGroup;
			children = (
				E522480A24D06C1900A353C7 /* dummy.rs */,
				E57C1EA924BDE0D00074CE11 /* rustup */,
			);
			path = Resources;
			sourceTree = "<group>";
		};
		E57C1EB924BDEC540074CE11 /* AppMover */ = {
			isa = PBXGroup;
			children = (
				E57C1EBA24BDEC540074CE11 /* Extensions.swift */,
				E57C1EBC24BDEC540074CE11 /* AppMover.swift */,
			);
			path = AppMover;
			sourceTree = "<group>";
		};
		E58F8F0524BC8031003BCB2A /* Frameworks */ = {
			isa = PBXGroup;
			children = (
			);
			name = Frameworks;
			sourceTree = "<group>";
		};
		E5A6734D240C758D002B8301 = {
			isa = PBXGroup;
			children = (
				E522480F24D1782300A353C7 /* Rust.xctestplan */,
				E5A67358240C758D002B8301 /* Rust */,
				E5A67357240C758D002B8301 /* Products */,
				E58F8F0524BC8031003BCB2A /* Frameworks */,
			);
			sourceTree = "<group>";
		};
		E5A67357240C758D002B8301 /* Products */ = {
			isa = PBXGroup;
			children = (
				E5A67356240C758D002B8301 /* Rust.app.app */,
			);
			name = Products;
			sourceTree = "<group>";
		};
		E5A67358240C758D002B8301 /* Rust */ = {
			isa = PBXGroup;
			children = (
				E513112D24D032490040428D /* Storyboards */,
				E55CD2542439EE2B00FC5252 /* Sources */,
				E5A6735D240C7590002B8301 /* Assets.xcassets */,
				E56AB4C824D0654400F1F531 /* Resources */,
				E5A67362240C7590002B8301 /* Info.plist */,
				E5A67363240C7590002B8301 /* Rust.entitlements */,
			);
			path = Rust;
			sourceTree = "<group>";
		};
/* End PBXGroup section */

/* Begin PBXNativeTarget section */
		E5A67355240C758D002B8301 /* Rust.app */ = {
			isa = PBXNativeTarget;
			buildConfigurationList = E5A67366240C7590002B8301 /* Build configuration list for PBXNativeTarget "Rust.app" */;
			buildPhases = (
				E5A67352240C758D002B8301 /* Sources */,
				E5A67353240C758D002B8301 /* Frameworks */,
				E5A67354240C758D002B8301 /* Resources */,
				E57C1EB324BDE8D00074CE11 /* Embed Frameworks */,
			);
			buildRules = (
			);
			dependencies = (
			);
			name = Rust.app;
			packageProductDependencies = (
				E55CD256243A5FB100FC5252 /* Alamofire */,
				E522480D24D1771100A353C7 /* Toml */,
			);
			productName = Rust;
			productReference = E5A67356240C758D002B8301 /* Rust.app.app */;
			productType = "com.apple.product-type.application";
		};
/* End PBXNativeTarget section */

/* Begin PBXProject section */
		E5A6734E240C758D002B8301 /* Project object */ = {
			isa = PBXProject;
			attributes = {
				BuildIndependentTargetsInParallel = YES;
				LastSwiftUpdateCheck = 1130;
				LastUpgradeCheck = 1200;
				ORGANIZATIONNAME = Rust;
				TargetAttributes = {
					E5A67355240C758D002B8301 = {
						CreatedOnToolsVersion = 11.3.1;
					};
				};
			};
			buildConfigurationList = E5A67351240C758D002B8301 /* Build configuration list for PBXProject "Rust.app" */;
			compatibilityVersion = "Xcode 9.3";
			developmentRegion = en;
			hasScannedForEncodings = 0;
			knownRegions = (
				en,
				Base,
			);
			mainGroup = E5A6734D240C758D002B8301;
			packageReferences = (
				E55CD255243A5FB100FC5252 /* XCRemoteSwiftPackageReference "Alamofire" */,
				E522480C24D1771100A353C7 /* XCRemoteSwiftPackageReference "swift-toml" */,
			);
			productRefGroup = E5A67357240C758D002B8301 /* Products */;
			projectDirPath = "";
			projectRoot = "";
			targets = (
				E5A67355240C758D002B8301 /* Rust.app */,
			);
		};
/* End PBXProject section */

/* Begin PBXResourcesBuildPhase section */
		E5A67354240C758D002B8301 /* Resources */ = {
			isa = PBXResourcesBuildPhase;
			buildActionMask = 2147483647;
			files = (
				E57C1ECD24BF58FD0074CE11 /* Installation.storyboard in Resources */,
				E5A6735E240C7590002B8301 /* Assets.xcassets in Resources */,
				E57C1EAA24BDE2430074CE11 /* rustup in Resources */,
				E522480B24D06C1900A353C7 /* dummy.rs in Resources */,
				E5A67361240C7590002B8301 /* Launch.storyboard in Resources */,
			);
			runOnlyForDeploymentPostprocessing = 0;
		};
/* End PBXResourcesBuildPhase section */

/* Begin PBXSourcesBuildPhase section */
		E5A67352240C758D002B8301 /* Sources */ = {
			isa = PBXSourcesBuildPhase;
			buildActionMask = 2147483647;
			files = (
				E56C9E3E243C038500B19471 /* SpotlightDocumentation.swift in Sources */,
				E5730ED024393B0800B1A10D /* TaskBar.swift in Sources */,
				E57889142416935E00633D12 /* LaunchController.swift in Sources */,
				E5A6735A240C758D002B8301 /* AppDelegate.swift in Sources */,
				E513112B24CED5AC0040428D /* InstallationController.swift in Sources */,
				E53069DE241540F600809ADD /* LaunchWindow.swift in Sources */,
				E5788916241693CF00633D12 /* Rustup.swift in Sources */,
				E58A1A35240D592000367963 /* ToolchainChannel.swift in Sources */,
				E57C1EC924BEE8A90074CE11 /* Process.swift in Sources */,
			);
			runOnlyForDeploymentPostprocessing = 0;
		};
/* End PBXSourcesBuildPhase section */

/* Begin PBXVariantGroup section */
		E5A6735F240C7590002B8301 /* Launch.storyboard */ = {
			isa = PBXVariantGroup;
			children = (
				E5A67360240C7590002B8301 /* Base */,
			);
			name = Launch.storyboard;
			sourceTree = "<group>";
		};
/* End PBXVariantGroup section */

/* Begin XCBuildConfiguration section */
		E5A67364240C7590002B8301 /* Debug */ = {
			isa = XCBuildConfiguration;
			buildSettings = {
				ALWAYS_SEARCH_USER_PATHS = NO;
				CLANG_ANALYZER_NONNULL = YES;
				CLANG_ANALYZER_NUMBER_OBJECT_CONVERSION = YES_AGGRESSIVE;
				CLANG_CXX_LANGUAGE_STANDARD = "gnu++14";
				CLANG_CXX_LIBRARY = "libc++";
				CLANG_ENABLE_MODULES = YES;
				CLANG_ENABLE_OBJC_ARC = YES;
				CLANG_ENABLE_OBJC_WEAK = YES;
				CLANG_WARN_BLOCK_CAPTURE_AUTORELEASING = YES;
				CLANG_WARN_BOOL_CONVERSION = YES;
				CLANG_WARN_COMMA = YES;
				CLANG_WARN_CONSTANT_CONVERSION = YES;
				CLANG_WARN_DEPRECATED_OBJC_IMPLEMENTATIONS = YES;
				CLANG_WARN_DIRECT_OBJC_ISA_USAGE = YES_ERROR;
				CLANG_WARN_DOCUMENTATION_COMMENTS = YES;
				CLANG_WARN_EMPTY_BODY = YES;
				CLANG_WARN_ENUM_CONVERSION = YES;
				CLANG_WARN_INFINITE_RECURSION = YES;
				CLANG_WARN_INT_CONVERSION = YES;
				CLANG_WARN_NON_LITERAL_NULL_CONVERSION = YES;
				CLANG_WARN_OBJC_IMPLICIT_RETAIN_SELF = YES;
				CLANG_WARN_OBJC_LITERAL_CONVERSION = YES;
				CLANG_WARN_OBJC_ROOT_CLASS = YES_ERROR;
				CLANG_WARN_QUOTED_INCLUDE_IN_FRAMEWORK_HEADER = YES;
				CLANG_WARN_RANGE_LOOP_ANALYSIS = YES;
				CLANG_WARN_STRICT_PROTOTYPES = YES;
				CLANG_WARN_SUSPICIOUS_MOVE = YES;
				CLANG_WARN_UNGUARDED_AVAILABILITY = YES_AGGRESSIVE;
				CLANG_WARN_UNREACHABLE_CODE = YES;
				CLANG_WARN__DUPLICATE_METHOD_MATCH = YES;
				COPY_PHASE_STRIP = NO;
				DEBUG_INFORMATION_FORMAT = dwarf;
				ENABLE_PREVIEWS = YES;
				ENABLE_STRICT_OBJC_MSGSEND = YES;
				ENABLE_TESTABILITY = YES;
				GCC_C_LANGUAGE_STANDARD = gnu11;
				GCC_DYNAMIC_NO_PIC = NO;
				GCC_NO_COMMON_BLOCKS = YES;
				GCC_OPTIMIZATION_LEVEL = 0;
				GCC_PREPROCESSOR_DEFINITIONS = (
					"DEBUG=1",
					"$(inherited)",
				);
				GCC_WARN_64_TO_32_BIT_CONVERSION = YES;
				GCC_WARN_ABOUT_RETURN_TYPE = YES_ERROR;
				GCC_WARN_UNDECLARED_SELECTOR = YES;
				GCC_WARN_UNINITIALIZED_AUTOS = YES_AGGRESSIVE;
				GCC_WARN_UNUSED_FUNCTION = YES;
				GCC_WARN_UNUSED_VARIABLE = YES;
				MACOSX_DEPLOYMENT_TARGET = 10.15;
				MTL_ENABLE_DEBUG_INFO = INCLUDE_SOURCE;
				MTL_FAST_MATH = YES;
				ONLY_ACTIVE_ARCH = YES;
				SDKROOT = macosx;
				SWIFT_ACTIVE_COMPILATION_CONDITIONS = DEBUG;
				SWIFT_OPTIMIZATION_LEVEL = "-Onone";
			};
			name = Debug;
		};
		E5A67365240C7590002B8301 /* Release */ = {
			isa = XCBuildConfiguration;
			buildSettings = {
				ALWAYS_SEARCH_USER_PATHS = NO;
				CLANG_ANALYZER_NONNULL = YES;
				CLANG_ANALYZER_NUMBER_OBJECT_CONVERSION = YES_AGGRESSIVE;
				CLANG_CXX_LANGUAGE_STANDARD = "gnu++14";
				CLANG_CXX_LIBRARY = "libc++";
				CLANG_ENABLE_MODULES = YES;
				CLANG_ENABLE_OBJC_ARC = YES;
				CLANG_ENABLE_OBJC_WEAK = YES;
				CLANG_WARN_BLOCK_CAPTURE_AUTORELEASING = YES;
				CLANG_WARN_BOOL_CONVERSION = YES;
				CLANG_WARN_COMMA = YES;
				CLANG_WARN_CONSTANT_CONVERSION = YES;
				CLANG_WARN_DEPRECATED_OBJC_IMPLEMENTATIONS = YES;
				CLANG_WARN_DIRECT_OBJC_ISA_USAGE = YES_ERROR;
				CLANG_WARN_DOCUMENTATION_COMMENTS = YES;
				CLANG_WARN_EMPTY_BODY = YES;
				CLANG_WARN_ENUM_CONVERSION = YES;
				CLANG_WARN_INFINITE_RECURSION = YES;
				CLANG_WARN_INT_CONVERSION = YES;
				CLANG_WARN_NON_LITERAL_NULL_CONVERSION = YES;
				CLANG_WARN_OBJC_IMPLICIT_RETAIN_SELF = YES;
				CLANG_WARN_OBJC_LITERAL_CONVERSION = YES;
				CLANG_WARN_OBJC_ROOT_CLASS = YES_ERROR;
				CLANG_WARN_QUOTED_INCLUDE_IN_FRAMEWORK_HEADER = YES;
				CLANG_WARN_RANGE_LOOP_ANALYSIS = YES;
				CLANG_WARN_STRICT_PROTOTYPES = YES;
				CLANG_WARN_SUSPICIOUS_MOVE = YES;
				CLANG_WARN_UNGUARDED_AVAILABILITY = YES_AGGRESSIVE;
				CLANG_WARN_UNREACHABLE_CODE = YES;
				CLANG_WARN__DUPLICATE_METHOD_MATCH = YES;
				COPY_PHASE_STRIP = NO;
				DEBUG_INFORMATION_FORMAT = "dwarf-with-dsym";
				ENABLE_NS_ASSERTIONS = NO;
				ENABLE_PREVIEWS = NO;
				ENABLE_STRICT_OBJC_MSGSEND = YES;
				GCC_C_LANGUAGE_STANDARD = gnu11;
				GCC_NO_COMMON_BLOCKS = YES;
				GCC_WARN_64_TO_32_BIT_CONVERSION = YES;
				GCC_WARN_ABOUT_RETURN_TYPE = YES_ERROR;
				GCC_WARN_UNDECLARED_SELECTOR = YES;
				GCC_WARN_UNINITIALIZED_AUTOS = YES_AGGRESSIVE;
				GCC_WARN_UNUSED_FUNCTION = YES;
				GCC_WARN_UNUSED_VARIABLE = YES;
				MACOSX_DEPLOYMENT_TARGET = 10.15;
				MTL_ENABLE_DEBUG_INFO = NO;
				MTL_FAST_MATH = YES;
				SDKROOT = macosx;
				SWIFT_COMPILATION_MODE = wholemodule;
				SWIFT_OPTIMIZATION_LEVEL = "-O";
			};
			name = Release;
		};
		E5A67367240C7590002B8301 /* Debug */ = {
			isa = XCBuildConfiguration;
			buildSettings = {
				ASSETCATALOG_COMPILER_APPICON_NAME = AppIcon;
				CODE_SIGN_ENTITLEMENTS = Rust/Rust.entitlements;
				CODE_SIGN_IDENTITY = "-";
				CODE_SIGN_STYLE = Automatic;
				COMBINE_HIDPI_IMAGES = YES;
				DEVELOPMENT_TEAM = U6Z6284VJP;
				ENABLE_HARDENED_RUNTIME = YES;
				INFOPLIST_FILE = Rust/Info.plist;
				LD_RUNPATH_SEARCH_PATHS = (
					"$(inherited)",
					"@executable_path/../Frameworks",
				);
				PRODUCT_BUNDLE_IDENTIFIER = xampprocky.Rust.app;
				PRODUCT_NAME = "$(TARGET_NAME)";
				SWIFT_VERSION = 5.0;
			};
			name = Debug;
		};
		E5A67368240C7590002B8301 /* Release */ = {
			isa = XCBuildConfiguration;
			buildSettings = {
				ASSETCATALOG_COMPILER_APPICON_NAME = AppIcon;
				CODE_SIGN_ENTITLEMENTS = Rust/Rust.entitlements;
				CODE_SIGN_IDENTITY = "-";
				CODE_SIGN_STYLE = Automatic;
				COMBINE_HIDPI_IMAGES = YES;
				DEVELOPMENT_TEAM = U6Z6284VJP;
				ENABLE_HARDENED_RUNTIME = YES;
				INFOPLIST_FILE = Rust/Info.plist;
				LD_RUNPATH_SEARCH_PATHS = (
					"$(inherited)",
					"@executable_path/../Frameworks",
				);
				PRODUCT_BUNDLE_IDENTIFIER = xampprocky.Rust.app;
				PRODUCT_NAME = "$(TARGET_NAME)";
				SWIFT_VERSION = 5.0;
			};
			name = Release;
		};
/* End XCBuildConfiguration section */

/* Begin XCConfigurationList section */
		E5A67351240C758D002B8301 /* Build configuration list for PBXProject "Rust.app" */ = {
			isa = XCConfigurationList;
			buildConfigurations = (
				E5A67364240C7590002B8301 /* Debug */,
				E5A67365240C7590002B8301 /* Release */,
			);
			defaultConfigurationIsVisible = 0;
			defaultConfigurationName = Release;
		};
		E5A67366240C7590002B8301 /* Build configuration list for PBXNativeTarget "Rust.app" */ = {
			isa = XCConfigurationList;
			buildConfigurations = (
				E5A67367240C7590002B8301 /* Debug */,
				E5A67368240C7590002B8301 /* Release */,
			);
			defaultConfigurationIsVisible = 0;
			defaultConfigurationName = Release;
		};
/* End XCConfigurationList section */

/* Begin XCRemoteSwiftPackageReference section */
		E522480C24D1771100A353C7 /* XCRemoteSwiftPackageReference "swift-toml" */ = {
			isa = XCRemoteSwiftPackageReference;
			repositoryURL = "https://github.com/jdfergason/swift-toml.git";
			requirement = {
				kind = upToNextMajorVersion;
				minimumVersion = 1.0.0;
			};
		};
		E55CD255243A5FB100FC5252 /* XCRemoteSwiftPackageReference "Alamofire" */ = {
			isa = XCRemoteSwiftPackageReference;
			repositoryURL = "https://github.com/Alamofire/Alamofire";
			requirement = {
				kind = upToNextMajorVersion;
				minimumVersion = 5.1.0;
			};
		};
/* End XCRemoteSwiftPackageReference section */

/* Begin XCSwiftPackageProductDependency section */
		E522480D24D1771100A353C7 /* Toml */ = {
			isa = XCSwiftPackageProductDependency;
			package = E522480C24D1771100A353C7 /* XCRemoteSwiftPackageReference "swift-toml" */;
			productName = Toml;
		};
		E55CD256243A5FB100FC5252 /* Alamofire */ = {
			isa = XCSwiftPackageProductDependency;
			package = E55CD255243A5FB100FC5252 /* XCRemoteSwiftPackageReference "Alamofire" */;
			productName = Alamofire;
		};
/* End XCSwiftPackageProductDependency section */
	};
	rootObject = E5A6734E240C758D002B8301 /* Project object */;
}
